
Microsoft Visual Studio Solution File, Format Version 12.00
# Visual Studio 15
VisualStudioVersion = 15.0.26124.0
MinimumVisualStudioVersion = 15.0.26124.0
Project("{2150E333-8FDC-42A3-9474-1A3956D46DE8}") = "src", "src", "{680B2B70-0017-40A3-8DF9-F7BD5906C01B}"
EndProject
Project("{FAE04EC0-301F-11D3-BF4B-00C04F79EFBC}") = "JacksonVeroneze.StockService.Domain", "src\JacksonVeroneze.StockService.Domain\JacksonVeroneze.StockService.Domain.csproj", "{9AA921BC-3128-49E7-9E74-7277369F037B}"
EndProject
Project("{FAE04EC0-301F-11D3-BF4B-00C04F79EFBC}") = "JacksonVeroneze.StockService.Core", "src\JacksonVeroneze.StockService.Core\JacksonVeroneze.StockService.Core.csproj", "{208708C6-C5D6-4D90-9620-1E39B9E5B1A6}"
EndProject
Project("{2150E333-8FDC-42A3-9474-1A3956D46DE8}") = "tests", "tests", "{E7814FF8-AAE4-49CA-A6DC-16AEBFBFA01C}"
EndProject
Project("{FAE04EC0-301F-11D3-BF4B-00C04F79EFBC}") = "JacksonVeroneze.StockService.Domain.Tests", "tests\JacksonVeroneze.StockService.Domain.Tests\JacksonVeroneze.StockService.Domain.Tests.csproj", "{A9746081-FD90-4234-9A2F-431DFFEE1B8E}"
EndProject
Project("{FAE04EC0-301F-11D3-BF4B-00C04F79EFBC}") = "JacksonVeroneze.StockService.Data", "src\JacksonVeroneze.StockService.Data\JacksonVeroneze.StockService.Data.csproj", "{DF96A2B2-9AF4-4B4C-8EAD-6C5FFDE8C8FD}"
EndProject
Global
	GlobalSection(SolutionConfigurationPlatforms) = preSolution
		Debug|Any CPU = Debug|Any CPU
		Debug|x64 = Debug|x64
		Debug|x86 = Debug|x86
		Release|Any CPU = Release|Any CPU
		Release|x64 = Release|x64
		Release|x86 = Release|x86
	EndGlobalSection
	GlobalSection(SolutionProperties) = preSolution
		HideSolutionNode = FALSE
	EndGlobalSection
	GlobalSection(ProjectConfigurationPlatforms) = postSolution
		{9AA921BC-3128-49E7-9E74-7277369F037B}.Debug|Any CPU.ActiveCfg = Debug|Any CPU
		{9AA921BC-3128-49E7-9E74-7277369F037B}.Debug|Any CPU.Build.0 = Debug|Any CPU
		{9AA921BC-3128-49E7-9E74-7277369F037B}.Debug|x64.ActiveCfg = Debug|Any CPU
		{9AA921BC-3128-49E7-9E74-7277369F037B}.Debug|x64.Build.0 = Debug|Any CPU
		{9AA921BC-3128-49E7-9E74-7277369F037B}.Debug|x86.ActiveCfg = Debug|Any CPU
		{9AA921BC-3128-49E7-9E74-7277369F037B}.Debug|x86.Build.0 = Debug|Any CPU
		{9AA921BC-3128-49E7-9E74-7277369F037B}.Release|Any CPU.ActiveCfg = Release|Any CPU
		{9AA921BC-3128-49E7-9E74-7277369F037B}.Release|Any CPU.Build.0 = Release|Any CPU
		{9AA921BC-3128-49E7-9E74-7277369F037B}.Release|x64.ActiveCfg = Release|Any CPU
		{9AA921BC-3128-49E7-9E74-7277369F037B}.Release|x64.Build.0 = Release|Any CPU
		{9AA921BC-3128-49E7-9E74-7277369F037B}.Release|x86.ActiveCfg = Release|Any CPU
		{9AA921BC-3128-49E7-9E74-7277369F037B}.Release|x86.Build.0 = Release|Any CPU
		{208708C6-C5D6-4D90-9620-1E39B9E5B1A6}.Debug|Any CPU.ActiveCfg = Debug|Any CPU
		{208708C6-C5D6-4D90-9620-1E39B9E5B1A6}.Debug|Any CPU.Build.0 = Debug|Any CPU
		{208708C6-C5D6-4D90-9620-1E39B9E5B1A6}.Debug|x64.ActiveCfg = Debug|Any CPU
		{208708C6-C5D6-4D90-9620-1E39B9E5B1A6}.Debug|x64.Build.0 = Debug|Any CPU
		{208708C6-C5D6-4D90-9620-1E39B9E5B1A6}.Debug|x86.ActiveCfg = Debug|Any CPU
		{208708C6-C5D6-4D90-9620-1E39B9E5B1A6}.Debug|x86.Build.0 = Debug|Any CPU
		{208708C6-C5D6-4D90-9620-1E39B9E5B1A6}.Release|Any CPU.ActiveCfg = Release|Any CPU
		{208708C6-C5D6-4D90-9620-1E39B9E5B1A6}.Release|Any CPU.Build.0 = Release|Any CPU
		{208708C6-C5D6-4D90-9620-1E39B9E5B1A6}.Release|x64.ActiveCfg = Release|Any CPU
		{208708C6-C5D6-4D90-9620-1E39B9E5B1A6}.Release|x64.Build.0 = Release|Any CPU
		{208708C6-C5D6-4D90-9620-1E39B9E5B1A6}.Release|x86.ActiveCfg = Release|Any CPU
		{208708C6-C5D6-4D90-9620-1E39B9E5B1A6}.Release|x86.Build.0 = Release|Any CPU
		{A9746081-FD90-4234-9A2F-431DFFEE1B8E}.Debug|Any CPU.ActiveCfg = Debug|Any CPU
		{A9746081-FD90-4234-9A2F-431DFFEE1B8E}.Debug|Any CPU.Build.0 = Debug|Any CPU
		{A9746081-FD90-4234-9A2F-431DFFEE1B8E}.Debug|x64.ActiveCfg = Debug|Any CPU
		{A9746081-FD90-4234-9A2F-431DFFEE1B8E}.Debug|x64.Build.0 = Debug|Any CPU
		{A9746081-FD90-4234-9A2F-431DFFEE1B8E}.Debug|x86.ActiveCfg = Debug|Any CPU
		{A9746081-FD90-4234-9A2F-431DFFEE1B8E}.Debug|x86.Build.0 = Debug|Any CPU
		{A9746081-FD90-4234-9A2F-431DFFEE1B8E}.Release|Any CPU.ActiveCfg = Release|Any CPU
		{A9746081-FD90-4234-9A2F-431DFFEE1B8E}.Release|Any CPU.Build.0 = Release|Any CPU
		{A9746081-FD90-4234-9A2F-431DFFEE1B8E}.Release|x64.ActiveCfg = Release|Any CPU
		{A9746081-FD90-4234-9A2F-431DFFEE1B8E}.Release|x64.Build.0 = Release|Any CPU
		{A9746081-FD90-4234-9A2F-431DFFEE1B8E}.Release|x86.ActiveCfg = Release|Any CPU
		{A9746081-FD90-4234-9A2F-431DFFEE1B8E}.Release|x86.Build.0 = Release|Any CPU
		{DF96A2B2-9AF4-4B4C-8EAD-6C5FFDE8C8FD}.Debug|Any CPU.ActiveCfg = Debug|Any CPU
		{DF96A2B2-9AF4-4B4C-8EAD-6C5FFDE8C8FD}.Debug|Any CPU.Build.0 = Debug|Any CPU
		{DF96A2B2-9AF4-4B4C-8EAD-6C5FFDE8C8FD}.Debug|x64.ActiveCfg = Debug|Any CPU
		{DF96A2B2-9AF4-4B4C-8EAD-6C5FFDE8C8FD}.Debug|x64.Build.0 = Debug|Any CPU
		{DF96A2B2-9AF4-4B4C-8EAD-6C5FFDE8C8FD}.Debug|x86.ActiveCfg = Debug|Any CPU
		{DF96A2B2-9AF4-4B4C-8EAD-6C5FFDE8C8FD}.Debug|x86.Build.0 = Debug|Any CPU
		{DF96A2B2-9AF4-4B4C-8EAD-6C5FFDE8C8FD}.Release|Any CPU.ActiveCfg = Release|Any CPU
		{DF96A2B2-9AF4-4B4C-8EAD-6C5FFDE8C8FD}.Release|Any CPU.Build.0 = Release|Any CPU
		{DF96A2B2-9AF4-4B4C-8EAD-6C5FFDE8C8FD}.Release|x64.ActiveCfg = Release|Any CPU
		{DF96A2B2-9AF4-4B4C-8EAD-6C5FFDE8C8FD}.Release|x64.Build.0 = Release|Any CPU
		{DF96A2B2-9AF4-4B4C-8EAD-6C5FFDE8C8FD}.Release|x86.ActiveCfg = Release|Any CPU
		{DF96A2B2-9AF4-4B4C-8EAD-6C5FFDE8C8FD}.Release|x86.Build.0 = Release|Any CPU
	EndGlobalSection
	GlobalSection(NestedProjects) = preSolution
		{9AA921BC-3128-49E7-9E74-7277369F037B} = {680B2B70-0017-40A3-8DF9-F7BD5906C01B}
		{208708C6-C5D6-4D90-9620-1E39B9E5B1A6} = {680B2B70-0017-40A3-8DF9-F7BD5906C01B}
		{A9746081-FD90-4234-9A2F-431DFFEE1B8E} = {E7814FF8-AAE4-49CA-A6DC-16AEBFBFA01C}
		{DF96A2B2-9AF4-4B4C-8EAD-6C5FFDE8C8FD} = {680B2B70-0017-40A3-8DF9-F7BD5906C01B}
	EndGlobalSection
EndGlobal
