
Microsoft Visual Studio Solution File, Format Version 12.00
# Visual Studio 15
VisualStudioVersion = 15.0.26124.0
MinimumVisualStudioVersion = 15.0.26124.0
Project("{2150E333-8FDC-42A3-9474-1A3956D46DE8}") = "src", "src", "{680B2B70-0017-40A3-8DF9-F7BD5906C01B}"
EndProject
Project("{FAE04EC0-301F-11D3-BF4B-00C04F79EFBC}") = "JacksonVeroneze.StockService.Domain", "src\JacksonVeroneze.StockService.Domain\JacksonVeroneze.StockService.Domain.csproj", "{9AA921BC-3128-49E7-9E74-7277369F037B}"
EndProject
Project("{FAE04EC0-301F-11D3-BF4B-00C04F79EFBC}") = "JacksonVeroneze.StockService.Core", "src\JacksonVeroneze.StockService.Core\JacksonVeroneze.StockService.Core.csproj", "{208708C6-C5D6-4D90-9620-1E39B9E5B1A6}"
EndProject
Project("{2150E333-8FDC-42A3-9474-1A3956D46DE8}") = "tests", "tests", "{E7814FF8-AAE4-49CA-A6DC-16AEBFBFA01C}"
EndProject
Project("{FAE04EC0-301F-11D3-BF4B-00C04F79EFBC}") = "JacksonVeroneze.StockService.Domain.Tests", "tests\JacksonVeroneze.StockService.Domain.Tests\JacksonVeroneze.StockService.Domain.Tests.csproj", "{A9746081-FD90-4234-9A2F-431DFFEE1B8E}"
EndProject
Project("{FAE04EC0-301F-11D3-BF4B-00C04F79EFBC}") = "JacksonVeroneze.StockService.Data", "src\JacksonVeroneze.StockService.Data\JacksonVeroneze.StockService.Data.csproj", "{DF96A2B2-9AF4-4B4C-8EAD-6C5FFDE8C8FD}"
EndProject
Project("{FAE04EC0-301F-11D3-BF4B-00C04F79EFBC}") = "JacksonVeroneze.StockService.Api", "src\JacksonVeroneze.StockService.Api\JacksonVeroneze.StockService.Api.csproj", "{422D4D45-08CB-4D00-B34F-160DA56C7AD7}"
EndProject
Project("{FAE04EC0-301F-11D3-BF4B-00C04F79EFBC}") = "JacksonVeroneze.StockService.Application", "src\JacksonVeroneze.StockService.Application\JacksonVeroneze.StockService.Application.csproj", "{5235D36F-F1F8-4299-B41E-7174CCE80923}"
EndProject
Project("{FAE04EC0-301F-11D3-BF4B-00C04F79EFBC}") = "JacksonVeroneze.StockService.Infra.IoC", "src\JacksonVeroneze.StockService.Infra.IoC\JacksonVeroneze.StockService.Infra.IoC.csproj", "{8353853D-8268-4FB3-94CC-FD9F3B07A7C7}"
EndProject
Project("{FAE04EC0-301F-11D3-BF4B-00C04F79EFBC}") = "JacksonVeroneze.StockService.Mapper", "src\JacksonVeroneze.StockService.Mapper\JacksonVeroneze.StockService.Mapper.csproj", "{E970B703-1F54-4231-94DD-ECEF678A6ACB}"
EndProject
Project("{FAE04EC0-301F-11D3-BF4B-00C04F79EFBC}") = "JacksonVeroneze.StockService.Bus", "src\JacksonVeroneze.StockService.Bus\JacksonVeroneze.StockService.Bus.csproj", "{7AA82B79-562B-46A1-BFEA-95416B678B05}"
EndProject
Project("{FAE04EC0-301F-11D3-BF4B-00C04F79EFBC}") = "JacksonVeroneze.StockService.Application.Tests", "tests\JacksonVeroneze.StockService.Application.Tests\JacksonVeroneze.StockService.Application.Tests.csproj", "{F557B4C3-D031-48B1-9736-CEABB00E49AD}"
EndProject
Project("{FAE04EC0-301F-11D3-BF4B-00C04F79EFBC}") = "JacksonVeroneze.StockService.Api.Tests", "tests\JacksonVeroneze.StockService.Api.Tests\JacksonVeroneze.StockService.Api.Tests.csproj", "{19E80608-678F-4B14-9FA3-E281AC362349}"
EndProject
Project("{FAE04EC0-301F-11D3-BF4B-00C04F79EFBC}") = "JacksonVeroneze.StockService.Common", "tests\JacksonVeroneze.StockService.Common\JacksonVeroneze.StockService.Common.csproj", "{84021ED4-2490-43A7-8FEE-C88256D22CB8}"
EndProject
Project("{FAE04EC0-301F-11D3-BF4B-00C04F79EFBC}") = "JacksonVeroneze.StockService.Infra.Identity", "src\JacksonVeroneze.StockService.Infra.Identity\JacksonVeroneze.StockService.Infra.Identity.csproj", "{D2BC52AC-39F4-447C-9CB8-8B32C69C029D}"
EndProject
Global
	GlobalSection(SolutionConfigurationPlatforms) = preSolution
		Debug|Any CPU = Debug|Any CPU
		Debug|x64 = Debug|x64
		Debug|x86 = Debug|x86
		Release|Any CPU = Release|Any CPU
		Release|x64 = Release|x64
		Release|x86 = Release|x86
	EndGlobalSection
	GlobalSection(SolutionProperties) = preSolution
		HideSolutionNode = FALSE
	EndGlobalSection
	GlobalSection(ProjectConfigurationPlatforms) = postSolution
		{9AA921BC-3128-49E7-9E74-7277369F037B}.Debug|Any CPU.ActiveCfg = Debug|Any CPU
		{9AA921BC-3128-49E7-9E74-7277369F037B}.Debug|Any CPU.Build.0 = Debug|Any CPU
		{9AA921BC-3128-49E7-9E74-7277369F037B}.Debug|x64.ActiveCfg = Debug|Any CPU
		{9AA921BC-3128-49E7-9E74-7277369F037B}.Debug|x64.Build.0 = Debug|Any CPU
		{9AA921BC-3128-49E7-9E74-7277369F037B}.Debug|x86.ActiveCfg = Debug|Any CPU
		{9AA921BC-3128-49E7-9E74-7277369F037B}.Debug|x86.Build.0 = Debug|Any CPU
		{9AA921BC-3128-49E7-9E74-7277369F037B}.Release|Any CPU.ActiveCfg = Release|Any CPU
		{9AA921BC-3128-49E7-9E74-7277369F037B}.Release|Any CPU.Build.0 = Release|Any CPU
		{9AA921BC-3128-49E7-9E74-7277369F037B}.Release|x64.ActiveCfg = Release|Any CPU
		{9AA921BC-3128-49E7-9E74-7277369F037B}.Release|x64.Build.0 = Release|Any CPU
		{9AA921BC-3128-49E7-9E74-7277369F037B}.Release|x86.ActiveCfg = Release|Any CPU
		{9AA921BC-3128-49E7-9E74-7277369F037B}.Release|x86.Build.0 = Release|Any CPU
		{208708C6-C5D6-4D90-9620-1E39B9E5B1A6}.Debug|Any CPU.ActiveCfg = Debug|Any CPU
		{208708C6-C5D6-4D90-9620-1E39B9E5B1A6}.Debug|Any CPU.Build.0 = Debug|Any CPU
		{208708C6-C5D6-4D90-9620-1E39B9E5B1A6}.Debug|x64.ActiveCfg = Debug|Any CPU
		{208708C6-C5D6-4D90-9620-1E39B9E5B1A6}.Debug|x64.Build.0 = Debug|Any CPU
		{208708C6-C5D6-4D90-9620-1E39B9E5B1A6}.Debug|x86.ActiveCfg = Debug|Any CPU
		{208708C6-C5D6-4D90-9620-1E39B9E5B1A6}.Debug|x86.Build.0 = Debug|Any CPU
		{208708C6-C5D6-4D90-9620-1E39B9E5B1A6}.Release|Any CPU.ActiveCfg = Release|Any CPU
		{208708C6-C5D6-4D90-9620-1E39B9E5B1A6}.Release|Any CPU.Build.0 = Release|Any CPU
		{208708C6-C5D6-4D90-9620-1E39B9E5B1A6}.Release|x64.ActiveCfg = Release|Any CPU
		{208708C6-C5D6-4D90-9620-1E39B9E5B1A6}.Release|x64.Build.0 = Release|Any CPU
		{208708C6-C5D6-4D90-9620-1E39B9E5B1A6}.Release|x86.ActiveCfg = Release|Any CPU
		{208708C6-C5D6-4D90-9620-1E39B9E5B1A6}.Release|x86.Build.0 = Release|Any CPU
		{A9746081-FD90-4234-9A2F-431DFFEE1B8E}.Debug|Any CPU.ActiveCfg = Debug|Any CPU
		{A9746081-FD90-4234-9A2F-431DFFEE1B8E}.Debug|Any CPU.Build.0 = Debug|Any CPU
		{A9746081-FD90-4234-9A2F-431DFFEE1B8E}.Debug|x64.ActiveCfg = Debug|Any CPU
		{A9746081-FD90-4234-9A2F-431DFFEE1B8E}.Debug|x64.Build.0 = Debug|Any CPU
		{A9746081-FD90-4234-9A2F-431DFFEE1B8E}.Debug|x86.ActiveCfg = Debug|Any CPU
		{A9746081-FD90-4234-9A2F-431DFFEE1B8E}.Debug|x86.Build.0 = Debug|Any CPU
		{A9746081-FD90-4234-9A2F-431DFFEE1B8E}.Release|Any CPU.ActiveCfg = Release|Any CPU
		{A9746081-FD90-4234-9A2F-431DFFEE1B8E}.Release|Any CPU.Build.0 = Release|Any CPU
		{A9746081-FD90-4234-9A2F-431DFFEE1B8E}.Release|x64.ActiveCfg = Release|Any CPU
		{A9746081-FD90-4234-9A2F-431DFFEE1B8E}.Release|x64.Build.0 = Release|Any CPU
		{A9746081-FD90-4234-9A2F-431DFFEE1B8E}.Release|x86.ActiveCfg = Release|Any CPU
		{A9746081-FD90-4234-9A2F-431DFFEE1B8E}.Release|x86.Build.0 = Release|Any CPU
		{DF96A2B2-9AF4-4B4C-8EAD-6C5FFDE8C8FD}.Debug|Any CPU.ActiveCfg = Debug|Any CPU
		{DF96A2B2-9AF4-4B4C-8EAD-6C5FFDE8C8FD}.Debug|Any CPU.Build.0 = Debug|Any CPU
		{DF96A2B2-9AF4-4B4C-8EAD-6C5FFDE8C8FD}.Debug|x64.ActiveCfg = Debug|Any CPU
		{DF96A2B2-9AF4-4B4C-8EAD-6C5FFDE8C8FD}.Debug|x64.Build.0 = Debug|Any CPU
		{DF96A2B2-9AF4-4B4C-8EAD-6C5FFDE8C8FD}.Debug|x86.ActiveCfg = Debug|Any CPU
		{DF96A2B2-9AF4-4B4C-8EAD-6C5FFDE8C8FD}.Debug|x86.Build.0 = Debug|Any CPU
		{DF96A2B2-9AF4-4B4C-8EAD-6C5FFDE8C8FD}.Release|Any CPU.ActiveCfg = Release|Any CPU
		{DF96A2B2-9AF4-4B4C-8EAD-6C5FFDE8C8FD}.Release|Any CPU.Build.0 = Release|Any CPU
		{DF96A2B2-9AF4-4B4C-8EAD-6C5FFDE8C8FD}.Release|x64.ActiveCfg = Release|Any CPU
		{DF96A2B2-9AF4-4B4C-8EAD-6C5FFDE8C8FD}.Release|x64.Build.0 = Release|Any CPU
		{DF96A2B2-9AF4-4B4C-8EAD-6C5FFDE8C8FD}.Release|x86.ActiveCfg = Release|Any CPU
		{DF96A2B2-9AF4-4B4C-8EAD-6C5FFDE8C8FD}.Release|x86.Build.0 = Release|Any CPU
		{422D4D45-08CB-4D00-B34F-160DA56C7AD7}.Debug|Any CPU.ActiveCfg = Debug|Any CPU
		{422D4D45-08CB-4D00-B34F-160DA56C7AD7}.Debug|Any CPU.Build.0 = Debug|Any CPU
		{422D4D45-08CB-4D00-B34F-160DA56C7AD7}.Debug|x64.ActiveCfg = Debug|Any CPU
		{422D4D45-08CB-4D00-B34F-160DA56C7AD7}.Debug|x64.Build.0 = Debug|Any CPU
		{422D4D45-08CB-4D00-B34F-160DA56C7AD7}.Debug|x86.ActiveCfg = Debug|Any CPU
		{422D4D45-08CB-4D00-B34F-160DA56C7AD7}.Debug|x86.Build.0 = Debug|Any CPU
		{422D4D45-08CB-4D00-B34F-160DA56C7AD7}.Release|Any CPU.ActiveCfg = Release|Any CPU
		{422D4D45-08CB-4D00-B34F-160DA56C7AD7}.Release|Any CPU.Build.0 = Release|Any CPU
		{422D4D45-08CB-4D00-B34F-160DA56C7AD7}.Release|x64.ActiveCfg = Release|Any CPU
		{422D4D45-08CB-4D00-B34F-160DA56C7AD7}.Release|x64.Build.0 = Release|Any CPU
		{422D4D45-08CB-4D00-B34F-160DA56C7AD7}.Release|x86.ActiveCfg = Release|Any CPU
		{422D4D45-08CB-4D00-B34F-160DA56C7AD7}.Release|x86.Build.0 = Release|Any CPU
		{5235D36F-F1F8-4299-B41E-7174CCE80923}.Debug|Any CPU.ActiveCfg = Debug|Any CPU
		{5235D36F-F1F8-4299-B41E-7174CCE80923}.Debug|Any CPU.Build.0 = Debug|Any CPU
		{5235D36F-F1F8-4299-B41E-7174CCE80923}.Debug|x64.ActiveCfg = Debug|Any CPU
		{5235D36F-F1F8-4299-B41E-7174CCE80923}.Debug|x64.Build.0 = Debug|Any CPU
		{5235D36F-F1F8-4299-B41E-7174CCE80923}.Debug|x86.ActiveCfg = Debug|Any CPU
		{5235D36F-F1F8-4299-B41E-7174CCE80923}.Debug|x86.Build.0 = Debug|Any CPU
		{5235D36F-F1F8-4299-B41E-7174CCE80923}.Release|Any CPU.ActiveCfg = Release|Any CPU
		{5235D36F-F1F8-4299-B41E-7174CCE80923}.Release|Any CPU.Build.0 = Release|Any CPU
		{5235D36F-F1F8-4299-B41E-7174CCE80923}.Release|x64.ActiveCfg = Release|Any CPU
		{5235D36F-F1F8-4299-B41E-7174CCE80923}.Release|x64.Build.0 = Release|Any CPU
		{5235D36F-F1F8-4299-B41E-7174CCE80923}.Release|x86.ActiveCfg = Release|Any CPU
		{5235D36F-F1F8-4299-B41E-7174CCE80923}.Release|x86.Build.0 = Release|Any CPU
		{8353853D-8268-4FB3-94CC-FD9F3B07A7C7}.Debug|Any CPU.ActiveCfg = Debug|Any CPU
		{8353853D-8268-4FB3-94CC-FD9F3B07A7C7}.Debug|Any CPU.Build.0 = Debug|Any CPU
		{8353853D-8268-4FB3-94CC-FD9F3B07A7C7}.Debug|x64.ActiveCfg = Debug|Any CPU
		{8353853D-8268-4FB3-94CC-FD9F3B07A7C7}.Debug|x64.Build.0 = Debug|Any CPU
		{8353853D-8268-4FB3-94CC-FD9F3B07A7C7}.Debug|x86.ActiveCfg = Debug|Any CPU
		{8353853D-8268-4FB3-94CC-FD9F3B07A7C7}.Debug|x86.Build.0 = Debug|Any CPU
		{8353853D-8268-4FB3-94CC-FD9F3B07A7C7}.Release|Any CPU.ActiveCfg = Release|Any CPU
		{8353853D-8268-4FB3-94CC-FD9F3B07A7C7}.Release|Any CPU.Build.0 = Release|Any CPU
		{8353853D-8268-4FB3-94CC-FD9F3B07A7C7}.Release|x64.ActiveCfg = Release|Any CPU
		{8353853D-8268-4FB3-94CC-FD9F3B07A7C7}.Release|x64.Build.0 = Release|Any CPU
		{8353853D-8268-4FB3-94CC-FD9F3B07A7C7}.Release|x86.ActiveCfg = Release|Any CPU
		{8353853D-8268-4FB3-94CC-FD9F3B07A7C7}.Release|x86.Build.0 = Release|Any CPU
		{E970B703-1F54-4231-94DD-ECEF678A6ACB}.Debug|Any CPU.ActiveCfg = Debug|Any CPU
		{E970B703-1F54-4231-94DD-ECEF678A6ACB}.Debug|Any CPU.Build.0 = Debug|Any CPU
		{E970B703-1F54-4231-94DD-ECEF678A6ACB}.Debug|x64.ActiveCfg = Debug|Any CPU
		{E970B703-1F54-4231-94DD-ECEF678A6ACB}.Debug|x64.Build.0 = Debug|Any CPU
		{E970B703-1F54-4231-94DD-ECEF678A6ACB}.Debug|x86.ActiveCfg = Debug|Any CPU
		{E970B703-1F54-4231-94DD-ECEF678A6ACB}.Debug|x86.Build.0 = Debug|Any CPU
		{E970B703-1F54-4231-94DD-ECEF678A6ACB}.Release|Any CPU.ActiveCfg = Release|Any CPU
		{E970B703-1F54-4231-94DD-ECEF678A6ACB}.Release|Any CPU.Build.0 = Release|Any CPU
		{E970B703-1F54-4231-94DD-ECEF678A6ACB}.Release|x64.ActiveCfg = Release|Any CPU
		{E970B703-1F54-4231-94DD-ECEF678A6ACB}.Release|x64.Build.0 = Release|Any CPU
		{E970B703-1F54-4231-94DD-ECEF678A6ACB}.Release|x86.ActiveCfg = Release|Any CPU
		{E970B703-1F54-4231-94DD-ECEF678A6ACB}.Release|x86.Build.0 = Release|Any CPU
		{7AA82B79-562B-46A1-BFEA-95416B678B05}.Debug|Any CPU.ActiveCfg = Debug|Any CPU
		{7AA82B79-562B-46A1-BFEA-95416B678B05}.Debug|Any CPU.Build.0 = Debug|Any CPU
		{7AA82B79-562B-46A1-BFEA-95416B678B05}.Debug|x64.ActiveCfg = Debug|Any CPU
		{7AA82B79-562B-46A1-BFEA-95416B678B05}.Debug|x64.Build.0 = Debug|Any CPU
		{7AA82B79-562B-46A1-BFEA-95416B678B05}.Debug|x86.ActiveCfg = Debug|Any CPU
		{7AA82B79-562B-46A1-BFEA-95416B678B05}.Debug|x86.Build.0 = Debug|Any CPU
		{7AA82B79-562B-46A1-BFEA-95416B678B05}.Release|Any CPU.ActiveCfg = Release|Any CPU
		{7AA82B79-562B-46A1-BFEA-95416B678B05}.Release|Any CPU.Build.0 = Release|Any CPU
		{7AA82B79-562B-46A1-BFEA-95416B678B05}.Release|x64.ActiveCfg = Release|Any CPU
		{7AA82B79-562B-46A1-BFEA-95416B678B05}.Release|x64.Build.0 = Release|Any CPU
		{7AA82B79-562B-46A1-BFEA-95416B678B05}.Release|x86.ActiveCfg = Release|Any CPU
		{7AA82B79-562B-46A1-BFEA-95416B678B05}.Release|x86.Build.0 = Release|Any CPU
		{F557B4C3-D031-48B1-9736-CEABB00E49AD}.Debug|Any CPU.ActiveCfg = Debug|Any CPU
		{F557B4C3-D031-48B1-9736-CEABB00E49AD}.Debug|Any CPU.Build.0 = Debug|Any CPU
		{F557B4C3-D031-48B1-9736-CEABB00E49AD}.Debug|x64.ActiveCfg = Debug|Any CPU
		{F557B4C3-D031-48B1-9736-CEABB00E49AD}.Debug|x64.Build.0 = Debug|Any CPU
		{F557B4C3-D031-48B1-9736-CEABB00E49AD}.Debug|x86.ActiveCfg = Debug|Any CPU
		{F557B4C3-D031-48B1-9736-CEABB00E49AD}.Debug|x86.Build.0 = Debug|Any CPU
		{F557B4C3-D031-48B1-9736-CEABB00E49AD}.Release|Any CPU.ActiveCfg = Release|Any CPU
		{F557B4C3-D031-48B1-9736-CEABB00E49AD}.Release|Any CPU.Build.0 = Release|Any CPU
		{F557B4C3-D031-48B1-9736-CEABB00E49AD}.Release|x64.ActiveCfg = Release|Any CPU
		{F557B4C3-D031-48B1-9736-CEABB00E49AD}.Release|x64.Build.0 = Release|Any CPU
		{F557B4C3-D031-48B1-9736-CEABB00E49AD}.Release|x86.ActiveCfg = Release|Any CPU
		{F557B4C3-D031-48B1-9736-CEABB00E49AD}.Release|x86.Build.0 = Release|Any CPU
		{19E80608-678F-4B14-9FA3-E281AC362349}.Debug|Any CPU.ActiveCfg = Debug|Any CPU
		{19E80608-678F-4B14-9FA3-E281AC362349}.Debug|Any CPU.Build.0 = Debug|Any CPU
		{19E80608-678F-4B14-9FA3-E281AC362349}.Debug|x64.ActiveCfg = Debug|Any CPU
		{19E80608-678F-4B14-9FA3-E281AC362349}.Debug|x64.Build.0 = Debug|Any CPU
		{19E80608-678F-4B14-9FA3-E281AC362349}.Debug|x86.ActiveCfg = Debug|Any CPU
		{19E80608-678F-4B14-9FA3-E281AC362349}.Debug|x86.Build.0 = Debug|Any CPU
		{19E80608-678F-4B14-9FA3-E281AC362349}.Release|Any CPU.ActiveCfg = Release|Any CPU
		{19E80608-678F-4B14-9FA3-E281AC362349}.Release|Any CPU.Build.0 = Release|Any CPU
		{19E80608-678F-4B14-9FA3-E281AC362349}.Release|x64.ActiveCfg = Release|Any CPU
		{19E80608-678F-4B14-9FA3-E281AC362349}.Release|x64.Build.0 = Release|Any CPU
		{19E80608-678F-4B14-9FA3-E281AC362349}.Release|x86.ActiveCfg = Release|Any CPU
		{19E80608-678F-4B14-9FA3-E281AC362349}.Release|x86.Build.0 = Release|Any CPU
		{84021ED4-2490-43A7-8FEE-C88256D22CB8}.Debug|Any CPU.ActiveCfg = Debug|Any CPU
		{84021ED4-2490-43A7-8FEE-C88256D22CB8}.Debug|Any CPU.Build.0 = Debug|Any CPU
		{84021ED4-2490-43A7-8FEE-C88256D22CB8}.Debug|x64.ActiveCfg = Debug|Any CPU
		{84021ED4-2490-43A7-8FEE-C88256D22CB8}.Debug|x64.Build.0 = Debug|Any CPU
		{84021ED4-2490-43A7-8FEE-C88256D22CB8}.Debug|x86.ActiveCfg = Debug|Any CPU
		{84021ED4-2490-43A7-8FEE-C88256D22CB8}.Debug|x86.Build.0 = Debug|Any CPU
		{84021ED4-2490-43A7-8FEE-C88256D22CB8}.Release|Any CPU.ActiveCfg = Release|Any CPU
		{84021ED4-2490-43A7-8FEE-C88256D22CB8}.Release|Any CPU.Build.0 = Release|Any CPU
		{84021ED4-2490-43A7-8FEE-C88256D22CB8}.Release|x64.ActiveCfg = Release|Any CPU
		{84021ED4-2490-43A7-8FEE-C88256D22CB8}.Release|x64.Build.0 = Release|Any CPU
		{84021ED4-2490-43A7-8FEE-C88256D22CB8}.Release|x86.ActiveCfg = Release|Any CPU
		{84021ED4-2490-43A7-8FEE-C88256D22CB8}.Release|x86.Build.0 = Release|Any CPU
		{D2BC52AC-39F4-447C-9CB8-8B32C69C029D}.Debug|Any CPU.ActiveCfg = Debug|Any CPU
		{D2BC52AC-39F4-447C-9CB8-8B32C69C029D}.Debug|Any CPU.Build.0 = Debug|Any CPU
		{D2BC52AC-39F4-447C-9CB8-8B32C69C029D}.Debug|x64.ActiveCfg = Debug|Any CPU
		{D2BC52AC-39F4-447C-9CB8-8B32C69C029D}.Debug|x64.Build.0 = Debug|Any CPU
		{D2BC52AC-39F4-447C-9CB8-8B32C69C029D}.Debug|x86.ActiveCfg = Debug|Any CPU
		{D2BC52AC-39F4-447C-9CB8-8B32C69C029D}.Debug|x86.Build.0 = Debug|Any CPU
		{D2BC52AC-39F4-447C-9CB8-8B32C69C029D}.Release|Any CPU.ActiveCfg = Release|Any CPU
		{D2BC52AC-39F4-447C-9CB8-8B32C69C029D}.Release|Any CPU.Build.0 = Release|Any CPU
		{D2BC52AC-39F4-447C-9CB8-8B32C69C029D}.Release|x64.ActiveCfg = Release|Any CPU
		{D2BC52AC-39F4-447C-9CB8-8B32C69C029D}.Release|x64.Build.0 = Release|Any CPU
		{D2BC52AC-39F4-447C-9CB8-8B32C69C029D}.Release|x86.ActiveCfg = Release|Any CPU
		{D2BC52AC-39F4-447C-9CB8-8B32C69C029D}.Release|x86.Build.0 = Release|Any CPU
	EndGlobalSection
	GlobalSection(NestedProjects) = preSolution
		{9AA921BC-3128-49E7-9E74-7277369F037B} = {680B2B70-0017-40A3-8DF9-F7BD5906C01B}
		{208708C6-C5D6-4D90-9620-1E39B9E5B1A6} = {680B2B70-0017-40A3-8DF9-F7BD5906C01B}
		{A9746081-FD90-4234-9A2F-431DFFEE1B8E} = {E7814FF8-AAE4-49CA-A6DC-16AEBFBFA01C}
		{DF96A2B2-9AF4-4B4C-8EAD-6C5FFDE8C8FD} = {680B2B70-0017-40A3-8DF9-F7BD5906C01B}
		{422D4D45-08CB-4D00-B34F-160DA56C7AD7} = {680B2B70-0017-40A3-8DF9-F7BD5906C01B}
		{5235D36F-F1F8-4299-B41E-7174CCE80923} = {680B2B70-0017-40A3-8DF9-F7BD5906C01B}
		{8353853D-8268-4FB3-94CC-FD9F3B07A7C7} = {680B2B70-0017-40A3-8DF9-F7BD5906C01B}
		{E970B703-1F54-4231-94DD-ECEF678A6ACB} = {680B2B70-0017-40A3-8DF9-F7BD5906C01B}
		{7AA82B79-562B-46A1-BFEA-95416B678B05} = {680B2B70-0017-40A3-8DF9-F7BD5906C01B}
		{F557B4C3-D031-48B1-9736-CEABB00E49AD} = {E7814FF8-AAE4-49CA-A6DC-16AEBFBFA01C}
		{19E80608-678F-4B14-9FA3-E281AC362349} = {E7814FF8-AAE4-49CA-A6DC-16AEBFBFA01C}
		{84021ED4-2490-43A7-8FEE-C88256D22CB8} = {E7814FF8-AAE4-49CA-A6DC-16AEBFBFA01C}
		{D2BC52AC-39F4-447C-9CB8-8B32C69C029D} = {680B2B70-0017-40A3-8DF9-F7BD5906C01B}
	EndGlobalSection
EndGlobal
